
Microsoft Visual Studio Solution File, Format Version 11.00
# Visual Web Developer Express 2010
Project("{FAE04EC0-301F-11D3-BF4B-00C04F79EFBC}") = "GeocodeService", "GeocodeService\GeocodeService.csproj", "{F571B875-21DB-4C1A-81EA-7DA326505683}"
EndProject
Project("{FAE04EC0-301F-11D3-BF4B-00C04F79EFBC}") = "GISServer.Core", "GISServer.Core\GISServer.Core.csproj", "{7202998A-A6CF-45D1-A793-C943E8197713}"
EndProject
Global
	GlobalSection(SolutionConfigurationPlatforms) = preSolution
		Debug|Any CPU = Debug|Any CPU
		Release|Any CPU = Release|Any CPU
	EndGlobalSection
	GlobalSection(ProjectConfigurationPlatforms) = postSolution
		{F571B875-21DB-4C1A-81EA-7DA326505683}.Debug|Any CPU.ActiveCfg = Debug|Any CPU
		{F571B875-21DB-4C1A-81EA-7DA326505683}.Debug|Any CPU.Build.0 = Debug|Any CPU
		{F571B875-21DB-4C1A-81EA-7DA326505683}.Release|Any CPU.ActiveCfg = Release|Any CPU
		{F571B875-21DB-4C1A-81EA-7DA326505683}.Release|Any CPU.Build.0 = Release|Any CPU
		{7202998A-A6CF-45D1-A793-C943E8197713}.Debug|Any CPU.ActiveCfg = Debug|Any CPU
		{7202998A-A6CF-45D1-A793-C943E8197713}.Debug|Any CPU.Build.0 = Debug|Any CPU
		{7202998A-A6CF-45D1-A793-C943E8197713}.Release|Any CPU.ActiveCfg = Release|Any CPU
		{7202998A-A6CF-45D1-A793-C943E8197713}.Release|Any CPU.Build.0 = Release|Any CPU
	EndGlobalSection
	GlobalSection(SolutionProperties) = preSolution
		HideSolutionNode = FALSE
	EndGlobalSection
EndGlobal
